
Microsoft Visual Studio Solution File, Format Version 12.00
# Visual Studio Version 16
VisualStudioVersion = 16.0.31229.75
MinimumVisualStudioVersion = 10.0.40219.1
Project("{FAE04EC0-301F-11D3-BF4B-00C04F79EFBC}") = "ProfanityFilter", "ProfanityFilter\ProfanityFilter.csproj", "{F975EE77-ECBB-47C6-BE4C-86FEEB912843}"
EndProject
Global
	GlobalSection(SolutionConfigurationPlatforms) = preSolution
		Debug|Any CPU = Debug|Any CPU
		Release|Any CPU = Release|Any CPU
	EndGlobalSection
	GlobalSection(ProjectConfigurationPlatforms) = postSolution
		{F975EE77-ECBB-47C6-BE4C-86FEEB912843}.Debug|Any CPU.ActiveCfg = Debug|Any CPU
		{F975EE77-ECBB-47C6-BE4C-86FEEB912843}.Debug|Any CPU.Build.0 = Debug|Any CPU
		{F975EE77-ECBB-47C6-BE4C-86FEEB912843}.Release|Any CPU.ActiveCfg = Release|Any CPU
		{F975EE77-ECBB-47C6-BE4C-86FEEB912843}.Release|Any CPU.Build.0 = Release|Any CPU
	EndGlobalSection
	GlobalSection(SolutionProperties) = preSolution
		HideSolutionNode = FALSE
	EndGlobalSection
	GlobalSection(ExtensibilityGlobals) = postSolution
		SolutionGuid = {DE46E220-6E04-4219-AF8C-EA71CAF41DC3}
	EndGlobalSection
EndGlobal
